
Microsoft Visual Studio Solution File, Format Version 12.00
# Visual Studio Version 17
VisualStudioVersion = 17.5.002.0
MinimumVisualStudioVersion = 10.0.40219.1
Project("{9A19103F-16F7-4668-BE54-9A1E7A4F7556}") = "Phoenix.Catalog.Service", "Phoenix.Catalog.Service\Phoenix.Catalog.Service.csproj", "{6EABB82D-E7FF-4575-B832-0ED6AA0934DB}"
EndProject
Global
	GlobalSection(SolutionConfigurationPlatforms) = preSolution
		Debug|Any CPU = Debug|Any CPU
		Release|Any CPU = Release|Any CPU
	EndGlobalSection
	GlobalSection(ProjectConfigurationPlatforms) = postSolution
		{6EABB82D-E7FF-4575-B832-0ED6AA0934DB}.Debug|Any CPU.ActiveCfg = Debug|Any CPU
		{6EABB82D-E7FF-4575-B832-0ED6AA0934DB}.Debug|Any CPU.Build.0 = Debug|Any CPU
		{6EABB82D-E7FF-4575-B832-0ED6AA0934DB}.Release|Any CPU.ActiveCfg = Release|Any CPU
		{6EABB82D-E7FF-4575-B832-0ED6AA0934DB}.Release|Any CPU.Build.0 = Release|Any CPU
	EndGlobalSection
	GlobalSection(SolutionProperties) = preSolution
		HideSolutionNode = FALSE
	EndGlobalSection
	GlobalSection(ExtensibilityGlobals) = postSolution
		SolutionGuid = {B10C492D-3C07-45AA-BBA5-ECF9E15249E8}
	EndGlobalSection
EndGlobal
